{
  "pins" : [
    {
      "identity" : "swiftcheck",
      "kind" : "remoteSourceControl",
      "location" : "https://github.com/toastersocks/SwiftCheck",
      "state" : {
        "revision" : "6aaf58674af6b7d2dde0bc706a1658f8b7709854",
        "version" : "0.13.0"
      }
    }
  ],
  "version" : 2
}
