{
  "pins" : [
    {
      "identity" : "chalk",
      "kind" : "remoteSourceControl",
      "location" : "https://github.com/mxcl/Chalk.git",
      "state" : {
        "revision" : "a7f58e47a08ca5a84f73acc4bcf6c2c19d990609",
        "version" : "0.5.0"
      }
    },
    {
      "identity" : "filecheck",
      "kind" : "remoteSourceControl",
      "location" : "https://github.com/llvm-swift/FileCheck.git",
      "state" : {
        "revision" : "f7c5f1a9479b33a876a6f5632ca2b92a7ce4b667",
        "version" : "0.2.6"
      }
    },
    {
      "identity" : "swift-argument-parser",
      "kind" : "remoteSourceControl",
      "location" : "https://github.com/apple/swift-argument-parser",
      "state" : {
        "revision" : "8f4d2753f0e4778c76d5f05ad16c74f707390531",
        "version" : "1.2.3"
      }
    },
    {
      "identity" : "swiftcheck",
      "kind" : "remoteSourceControl",
      "location" : "https://github.com/typelift/SwiftCheck",
      "state" : {
        "revision" : "077c096c3ddfc38db223ac8e525ad16ffb987138",
        "version" : "0.12.0"
      }
    }
  ],
  "version" : 2
}
